{
  "version": 4,
  "terraform_version": "1.8.5",
  "serial": 162,
  "lineage": "2b8a463c-73bc-ab25-0eec-022cb789e22a",
  "outputs": {},
  "resources": [
    {
      "mode": "managed",
      "type": "docker_container",
      "name": "flowable",
      "provider": "provider[\"registry.terraform.io/kreuzwerker/docker\"]",
      "instances": [
        {
          "schema_version": 2,
          "attributes": {
            "attach": false,
            "bridge": "",
            "capabilities": [],
            "cgroupns_mode": null,
            "command": [
              "/opt/tomcat/bin/catalina.sh",
              "run"
            ],
            "container_logs": null,
            "container_read_refresh_timeout_milliseconds": 15000,
            "cpu_set": "",
            "cpu_shares": 0,
            "destroy_grace_seconds": null,
            "devices": [],
            "dns": null,
            "dns_opts": null,
            "dns_search": null,
            "domainname": "",
            "entrypoint": [],
            "env": [],
            "exit_code": null,
            "gpus": null,
            "group_add": null,
            "healthcheck": null,
            "host": [],
            "hostname": "5febc96793de",
            "id": "5febc96793dea8a922814aa053a063aae2399e8b495754acd372440e6bc6ab15",
            "image": "sha256:c6639207582f1b20ee50a7fface69e67b8e97aa2ef718a6595515329adfb2841",
            "init": false,
            "ipc_mode": "private",
            "labels": [],
            "log_driver": "json-file",
            "log_opts": null,
            "logs": false,
            "max_retry_count": 0,
            "memory": 0,
            "memory_swap": 0,
            "mounts": [],
            "must_run": true,
            "name": "flowable",
            "network_data": [
              {
                "gateway": "172.17.0.1",
                "global_ipv6_address": "",
                "global_ipv6_prefix_length": 0,
                "ip_address": "172.17.0.2",
                "ip_prefix_length": 16,
                "ipv6_gateway": "",
                "mac_address": "02:42:ac:11:00:02",
                "network_name": "bridge"
              }
            ],
            "network_mode": "default",
            "networks_advanced": [],
            "pid_mode": "",
            "ports": [
              {
                "external": 38080,
                "internal": 8080,
                "ip": "0.0.0.0",
                "protocol": "tcp"
              }
            ],
            "privileged": false,
            "publish_all_ports": false,
            "read_only": false,
            "remove_volumes": true,
            "restart": "no",
            "rm": false,
            "runtime": "runc",
            "security_opts": [],
            "shm_size": 64,
            "start": true,
            "stdin_open": false,
            "stop_signal": "",
            "stop_timeout": 0,
            "storage_opts": null,
            "sysctls": null,
            "tmpfs": null,
            "tty": false,
            "ulimit": [],
            "upload": [],
            "user": "tomcat",
            "userns_mode": "",
            "volumes": [],
            "wait": false,
            "wait_timeout": 60,
            "working_dir": "/opt/tomcat"
          },
          "sensitive_attributes": [],
          "private": "eyJzY2hlbWFfdmVyc2lvbiI6IjIifQ==",
          "dependencies": [
            "docker_image.flowable"
          ]
        }
      ]
    },
    {
      "mode": "managed",
      "type": "docker_container",
      "name": "postgres",
      "provider": "provider[\"registry.terraform.io/kreuzwerker/docker\"]",
      "instances": [
        {
          "schema_version": 2,
          "attributes": {
            "attach": false,
            "bridge": "",
            "capabilities": [],
            "cgroupns_mode": null,
            "command": [
              "postgres"
            ],
            "container_logs": null,
            "container_read_refresh_timeout_milliseconds": 15000,
            "cpu_set": "",
            "cpu_shares": 0,
            "destroy_grace_seconds": null,
            "devices": [],
            "dns": [],
            "dns_opts": [],
            "dns_search": [],
            "domainname": "",
            "entrypoint": [
              "docker-entrypoint.sh"
            ],
            "env": [
              "POSTGRES_PASSWORD=postgres",
              "POSTGRES_USER=postgres"
            ],
            "exit_code": null,
            "gpus": null,
            "group_add": [],
            "healthcheck": [],
            "host": [],
            "hostname": "0d3da3667134",
            "id": "0d3da366713410ea554787a92d825515636e46e71b39fdf6895720fe58230c42",
            "image": "sha256:74cc00b2e28f8b5cad42680cc425b261544eee3dfe70fbdf903015dac9b0fe4a",
            "init": false,
            "ipc_mode": "private",
            "labels": [],
            "log_driver": "json-file",
            "log_opts": {},
            "logs": false,
            "max_retry_count": 0,
            "memory": 0,
            "memory_swap": 0,
            "mounts": [],
            "must_run": true,
            "name": "postgres",
            "network_data": [
              {
                "gateway": "172.17.0.1",
                "global_ipv6_address": "",
                "global_ipv6_prefix_length": 0,
                "ip_address": "172.17.0.4",
                "ip_prefix_length": 16,
                "ipv6_gateway": "",
                "mac_address": "02:42:ac:11:00:04",
                "network_name": "bridge"
              }
            ],
            "network_mode": "default",
            "networks_advanced": [],
            "pid_mode": "",
            "ports": [
              {
                "external": 15432,
                "internal": 5432,
                "ip": "0.0.0.0",
                "protocol": "tcp"
              }
            ],
            "privileged": false,
            "publish_all_ports": false,
            "read_only": false,
            "remove_volumes": true,
            "restart": "no",
            "rm": false,
            "runtime": "runc",
            "security_opts": [],
            "shm_size": 64,
            "start": true,
            "stdin_open": false,
            "stop_signal": "SIGINT",
            "stop_timeout": 0,
            "storage_opts": {},
            "sysctls": {},
            "tmpfs": {},
            "tty": false,
            "ulimit": [],
            "upload": [],
            "user": "",
            "userns_mode": "",
            "volumes": [],
            "wait": false,
            "wait_timeout": 60,
            "working_dir": ""
          },
          "sensitive_attributes": [],
          "private": "eyJzY2hlbWFfdmVyc2lvbiI6IjIifQ==",
          "dependencies": [
            "docker_image.postgres"
          ]
        }
      ]
    },
    {
      "mode": "managed",
      "type": "docker_image",
      "name": "etcd",
      "provider": "provider[\"registry.terraform.io/kreuzwerker/docker\"]",
      "instances": [
        {
          "schema_version": 0,
          "attributes": {
            "build": [],
            "force_remove": null,
            "id": "sha256:61ad638751093d94c7878b17eee862348aa9fc5b705419b805f506d51b9882e7quay.io/coreos/etcd:latest",
            "image_id": "sha256:61ad638751093d94c7878b17eee862348aa9fc5b705419b805f506d51b9882e7",
            "keep_locally": true,
            "name": "quay.io/coreos/etcd:latest",
            "platform": null,
            "pull_triggers": null,
            "repo_digest": "quay.io/coreos/etcd@sha256:5b6691b7225a3f77a5a919a81261bbfb31283804418e187f7116a0a9ef65d21d",
            "triggers": null
          },
          "sensitive_attributes": [],
          "private": "bnVsbA=="
        }
      ]
    },
    {
      "mode": "managed",
      "type": "docker_image",
      "name": "flagd",
      "provider": "provider[\"registry.terraform.io/kreuzwerker/docker\"]",
      "instances": [
        {
          "schema_version": 0,
          "attributes": {
            "build": [],
            "force_remove": null,
            "id": "sha256:7d4cb7ce87afadb79fa495665cb9156beec8e8c88ffa7153a49c1d8a6dc86f03ghcr.io/open-feature/flagd:latest",
            "image_id": "sha256:7d4cb7ce87afadb79fa495665cb9156beec8e8c88ffa7153a49c1d8a6dc86f03",
            "keep_locally": true,
            "name": "ghcr.io/open-feature/flagd:latest",
            "platform": null,
            "pull_triggers": null,
            "repo_digest": "ghcr.io/open-feature/flagd@sha256:cc87349925a1643cd3f6e4f894ef6b6b3139712baf78133f3aed70a6b66f69bd",
            "triggers": null
          },
          "sensitive_attributes": [],
          "private": "bnVsbA=="
        }
      ]
    },
    {
      "mode": "managed",
      "type": "docker_image",
      "name": "flowable",
      "provider": "provider[\"registry.terraform.io/kreuzwerker/docker\"]",
      "instances": [
        {
          "schema_version": 0,
          "attributes": {
            "build": [],
            "force_remove": null,
            "id": "sha256:c6639207582f1b20ee50a7fface69e67b8e97aa2ef718a6595515329adfb2841flowable/all-in-one:latest",
            "image_id": "sha256:c6639207582f1b20ee50a7fface69e67b8e97aa2ef718a6595515329adfb2841",
            "keep_locally": true,
            "name": "flowable/all-in-one:latest",
            "platform": null,
            "pull_triggers": null,
            "repo_digest": "flowable/all-in-one@sha256:363a8e12804be823bb8e9f4094dd37b37f0b2a8a0b405789676c694ef592610c",
            "triggers": null
          },
          "sensitive_attributes": [],
          "private": "bnVsbA=="
        }
      ]
    },
    {
      "mode": "managed",
      "type": "docker_image",
      "name": "fluentd",
      "provider": "provider[\"registry.terraform.io/kreuzwerker/docker\"]",
      "instances": [
        {
          "schema_version": 0,
          "attributes": {
            "build": [],
            "force_remove": null,
            "id": "sha256:84910c79487a3008ac18161071db7cc92ff771f6215c4de7ef22c04f60724cd5fluent/fluentd:edge-debian",
            "image_id": "sha256:84910c79487a3008ac18161071db7cc92ff771f6215c4de7ef22c04f60724cd5",
            "keep_locally": true,
            "name": "fluent/fluentd:edge-debian",
            "platform": null,
            "pull_triggers": null,
            "repo_digest": "fluent/fluentd@sha256:ad0dd2bb4ef5d2269ca599ae143bd5115b82cdbe10a12e2d90575aefeba733ec",
            "triggers": null
          },
          "sensitive_attributes": [],
          "private": "bnVsbA=="
        }
      ]
    },
    {
      "mode": "managed",
      "type": "docker_image",
      "name": "kafka",
      "provider": "provider[\"registry.terraform.io/kreuzwerker/docker\"]",
      "instances": [
        {
          "schema_version": 0,
          "attributes": {
            "build": [],
            "force_remove": null,
            "id": "sha256:fe7e6a65afa5de2930f54c3d31d517d50acf8ff20f29a6f506df021a901d754dapache/kafka",
            "image_id": "sha256:fe7e6a65afa5de2930f54c3d31d517d50acf8ff20f29a6f506df021a901d754d",
            "keep_locally": true,
            "name": "apache/kafka",
            "platform": null,
            "pull_triggers": null,
            "repo_digest": "apache/kafka@sha256:41c20d65b0a2180b9deca056d47540771752e69fe9225d5748dd65a25a9675d7",
            "triggers": null
          },
          "sensitive_attributes": [],
          "private": "bnVsbA=="
        }
      ]
    },
    {
      "mode": "managed",
      "type": "docker_image",
      "name": "keycloak",
      "provider": "provider[\"registry.terraform.io/kreuzwerker/docker\"]",
      "instances": [
        {
          "schema_version": 0,
          "attributes": {
            "build": [],
            "force_remove": null,
            "id": "sha256:79fc80eb59b467bf1e4b3bd82205b093ca0f5c5830edb450b807619894367071quay.io/keycloak/keycloak:latest",
            "image_id": "sha256:79fc80eb59b467bf1e4b3bd82205b093ca0f5c5830edb450b807619894367071",
            "keep_locally": true,
            "name": "quay.io/keycloak/keycloak:latest",
            "platform": null,
            "pull_triggers": null,
            "repo_digest": "quay.io/keycloak/keycloak@sha256:a3d10e729b140f5a044f6d04f324aa53ae58ed11398e0e6e432cb98042b41b1f",
            "triggers": null
          },
          "sensitive_attributes": [],
          "private": "bnVsbA=="
        }
      ]
    },
    {
      "mode": "managed",
      "type": "docker_image",
      "name": "postgres",
      "provider": "provider[\"registry.terraform.io/kreuzwerker/docker\"]",
      "instances": [
        {
          "schema_version": 0,
          "attributes": {
            "build": [],
            "force_remove": null,
            "id": "sha256:74cc00b2e28f8b5cad42680cc425b261544eee3dfe70fbdf903015dac9b0fe4apostgres:latest",
            "image_id": "sha256:74cc00b2e28f8b5cad42680cc425b261544eee3dfe70fbdf903015dac9b0fe4a",
            "keep_locally": true,
            "name": "postgres:latest",
            "platform": null,
            "pull_triggers": null,
            "repo_digest": "postgres@sha256:46aa2ee5d664b275f05d1a963b30fff60fb422b4b594d509765c42db46d48881",
            "triggers": null
          },
          "sensitive_attributes": [],
          "private": "bnVsbA=="
        }
      ]
    },
    {
      "mode": "managed",
      "type": "docker_image",
      "name": "prometheus",
      "provider": "provider[\"registry.terraform.io/kreuzwerker/docker\"]",
      "instances": [
        {
          "schema_version": 0,
          "attributes": {
            "build": [],
            "force_remove": null,
            "id": "sha256:b74abbcc4eacb3d527068947f32a07fb952f32cf7a0c5ad01cae5313e544b527prom/prometheus:latest",
            "image_id": "sha256:b74abbcc4eacb3d527068947f32a07fb952f32cf7a0c5ad01cae5313e544b527",
            "keep_locally": true,
            "name": "prom/prometheus:latest",
            "platform": null,
            "pull_triggers": null,
            "repo_digest": "prom/prometheus@sha256:075b1ba2c4ebb04bc3a6ab86c06ec8d8099f8fda1c96ef6d104d9bb1def1d8bc",
            "triggers": null
          },
          "sensitive_attributes": [],
          "private": "bnVsbA=="
        }
      ]
    }
  ],
  "check_results": null
}
