{
  "name": "frontend",
  "lockfileVersion": 3,
  "requires": true,
  "packages": {
    "": {
      "dependencies": {
        "bpmn-js": "^17.9.1",
        "reactstrap": "^9.2.2"
      }
    },
    "node_modules/@babel/runtime": {
      "version": "7.25.0",
      "resolved": "https://registry.npmjs.org/@babel/runtime/-/runtime-7.25.0.tgz",
      "integrity": "sha512-7dRy4DwXwtzBrPbZflqxnvfxLF8kdZXPkhymtDeFoFqE6ldzjQFgYTtYIFARcLEYDrqfBfYcZt1WqFxRoyC9Rw==",
      "license": "MIT",
      "dependencies": {
        "regenerator-runtime": "^0.14.0"
      },
      "engines": {
        "node": ">=6.9.0"
      }
    },
    "node_modules/@bpmn-io/diagram-js-ui": {
      "version": "0.2.3",
      "resolved": "https://registry.npmjs.org/@bpmn-io/diagram-js-ui/-/diagram-js-ui-0.2.3.tgz",
      "integrity": "sha512-OGyjZKvGK8tHSZ0l7RfeKhilGoOGtFDcoqSGYkX0uhFlo99OVZ9Jn1K7TJGzcE9BdKwvA5Y5kGqHEhdTxHvFfw==",
      "license": "MIT",
      "dependencies": {
        "htm": "^3.1.1",
        "preact": "^10.11.2"
      }
    },
    "node_modules/@popperjs/core": {
      "version": "2.11.8",
      "resolved": "https://registry.npmjs.org/@popperjs/core/-/core-2.11.8.tgz",
      "integrity": "sha512-P1st0aksCrn9sGZhp8GMYwBnQsbvAWsZAX44oXNNvLHGqAOcoVxmjZiohstwQ7SqKnbR47akdNi+uleWD8+g6A==",
      "license": "MIT",
      "funding": {
        "type": "opencollective",
        "url": "https://opencollective.com/popperjs"
      }
    },
    "node_modules/bpmn-js": {
      "version": "17.9.1",
      "resolved": "https://registry.npmjs.org/bpmn-js/-/bpmn-js-17.9.1.tgz",
      "integrity": "sha512-yuCGfVwdZpWc+JqqL3Y8oV3HR44TkzsZ7PY/eUINhihKXe1W5ghqLNEYEmEU6JlVlHpELKewvrdEuuMmdIy1Qw==",
      "license": "SEE LICENSE IN LICENSE",
      "dependencies": {
        "bpmn-moddle": "^8.1.0",
        "diagram-js": "^14.7.2",
        "diagram-js-direct-editing": "^3.0.1",
        "ids": "^1.0.5",
        "inherits-browser": "^0.1.0",
        "min-dash": "^4.1.1",
        "min-dom": "^4.2.1",
        "tiny-svg": "^3.1.2"
      },
      "engines": {
        "node": "*"
      }
    },
    "node_modules/bpmn-moddle": {
      "version": "8.1.0",
      "resolved": "https://registry.npmjs.org/bpmn-moddle/-/bpmn-moddle-8.1.0.tgz",
      "integrity": "sha512-yI5OAFfYVJwViKTsTsonVfCBPtB3MlefADUORwNIxxBOMp21vnoxuxsdgUWlPH/dvAEZh/+mr8UtqOBNu8NC5Q==",
      "license": "MIT",
      "dependencies": {
        "min-dash": "^4.0.0",
        "moddle": "^6.2.3",
        "moddle-xml": "^10.1.0"
      }
    },
    "node_modules/classnames": {
      "version": "2.5.1",
      "resolved": "https://registry.npmjs.org/classnames/-/classnames-2.5.1.tgz",
      "integrity": "sha512-saHYOzhIQs6wy2sVxTM6bUDsQO4F50V9RQ22qBpEdCW+I+/Wmke2HOl6lS6dTpdxVhb88/I6+Hs+438c3lfUow==",
      "license": "MIT"
    },
    "node_modules/clsx": {
      "version": "2.1.1",
      "resolved": "https://registry.npmjs.org/clsx/-/clsx-2.1.1.tgz",
      "integrity": "sha512-eYm0QWBtUrBWZWG0d386OGAw16Z995PiOVo2B7bjWSbHedGl5e0ZWaq65kOGgUSNesEIDkB9ISbTg/JK9dhCZA==",
      "license": "MIT",
      "engines": {
        "node": ">=6"
      }
    },
    "node_modules/component-event": {
      "version": "0.2.1",
      "resolved": "https://registry.npmjs.org/component-event/-/component-event-0.2.1.tgz",
      "integrity": "sha512-wGA++isMqiDq1jPYeyv2as/Bt/u+3iLW0rEa+8NQ82jAv3TgqMiCM+B2SaBdn2DfLilLjjq736YcezihRYhfxw==",
      "license": "MIT"
    },
    "node_modules/csstype": {
      "version": "3.1.3",
      "resolved": "https://registry.npmjs.org/csstype/-/csstype-3.1.3.tgz",
      "integrity": "sha512-M1uQkMl8rQK/szD0LNhtqxIPLpimGm8sOBwU7lLnCpSbTyY3yeU1Vc7l4KT5zT4s/yOxHH5O7tIuuLOCnLADRw==",
      "license": "MIT"
    },
    "node_modules/diagram-js": {
      "version": "14.8.0",
      "resolved": "https://registry.npmjs.org/diagram-js/-/diagram-js-14.8.0.tgz",
      "integrity": "sha512-HV3R6i+hl2PyhsdOQ1pqOsI+JCkX/bYJiHgO5zAaExORtuDrdGVDW7lKsEfcrcGA0fXfpEcmerjOmdH/PIvyJA==",
      "license": "MIT",
      "dependencies": {
        "@bpmn-io/diagram-js-ui": "^0.2.3",
        "clsx": "^2.1.0",
        "didi": "^10.2.2",
        "inherits-browser": "^0.1.0",
        "min-dash": "^4.1.0",
        "min-dom": "^4.2.1",
        "object-refs": "^0.4.0",
        "path-intersection": "^3.0.0",
        "tiny-svg": "^3.1.2"
      },
      "engines": {
        "node": "*"
      }
    },
    "node_modules/diagram-js-direct-editing": {
      "version": "3.0.1",
      "resolved": "https://registry.npmjs.org/diagram-js-direct-editing/-/diagram-js-direct-editing-3.0.1.tgz",
      "integrity": "sha512-V44JO55nwFbsRv6tTmrfdz6fIsE3A4YIIqInaeJZyD2EongZzEo4acH9TqsE4hi9R/kAqsyttMKxTAgHplFn8w==",
      "license": "MIT",
      "dependencies": {
        "min-dash": "^4.0.0",
        "min-dom": "^4.0.2"
      },
      "engines": {
        "node": "*"
      },
      "peerDependencies": {
        "diagram-js": "*"
      }
    },
    "node_modules/didi": {
      "version": "10.2.2",
      "resolved": "https://registry.npmjs.org/didi/-/didi-10.2.2.tgz",
      "integrity": "sha512-l8NYkYFXV1izHI65EyT8EXOjUZtKmQkHLTT89cSP7HU5J/G7AOj0dXKtLc04EXYlga99PBY18IPjOeZ+c3DI4w==",
      "license": "MIT",
      "engines": {
        "node": ">= 16"
      }
    },
    "node_modules/dom-helpers": {
      "version": "5.2.1",
      "resolved": "https://registry.npmjs.org/dom-helpers/-/dom-helpers-5.2.1.tgz",
      "integrity": "sha512-nRCa7CK3VTrM2NmGkIy4cbK7IZlgBE/PYMn55rrXefr5xXDP0LdtfPnblFDoVdcAfslJ7or6iqAUnx0CCGIWQA==",
      "license": "MIT",
      "dependencies": {
        "@babel/runtime": "^7.8.7",
        "csstype": "^3.0.2"
      }
    },
    "node_modules/domify": {
      "version": "1.4.2",
      "resolved": "https://registry.npmjs.org/domify/-/domify-1.4.2.tgz",
      "integrity": "sha512-m4yreHcUWHBncGVV7U+yQzc12vIlq0jMrtHZ5mW6dQMiL/7skSYNVX9wqKwOtyO9SGCgevrAFEgOCAHmamHTUA==",
      "license": "MIT",
      "funding": {
        "url": "https://github.com/sponsors/sindresorhus"
      }
    },
    "node_modules/htm": {
      "version": "3.1.1",
      "resolved": "https://registry.npmjs.org/htm/-/htm-3.1.1.tgz",
      "integrity": "sha512-983Vyg8NwUE7JkZ6NmOqpCZ+sh1bKv2iYTlUkzlWmA5JD2acKoxd4KVxbMmxX/85mtfdnDmTFoNKcg5DGAvxNQ==",
      "license": "Apache-2.0"
    },
    "node_modules/ids": {
      "version": "1.0.5",
      "resolved": "https://registry.npmjs.org/ids/-/ids-1.0.5.tgz",
      "integrity": "sha512-XQ0yom/4KWTL29sLG+tyuycy7UmeaM/79GRtSJq6IG9cJGIPeBz5kwDCguie3TwxaMNIc3WtPi0cTa1XYHicpw==",
      "license": "MIT"
    },
    "node_modules/inherits-browser": {
      "version": "0.1.0",
      "resolved": "https://registry.npmjs.org/inherits-browser/-/inherits-browser-0.1.0.tgz",
      "integrity": "sha512-CJHHvW3jQ6q7lzsXPpapLdMx5hDpSF3FSh45pwsj6bKxJJ8Nl8v43i5yXnr3BdfOimGHKyniewQtnAIp3vyJJw==",
      "license": "ISC"
    },
    "node_modules/js-tokens": {
      "version": "4.0.0",
      "resolved": "https://registry.npmjs.org/js-tokens/-/js-tokens-4.0.0.tgz",
      "integrity": "sha512-RdJUflcE3cUzKiMqQgsCu06FPu9UdIJO0beYbPhHN4k6apgJtifcoCtT9bcxOpYBtpD2kCM6Sbzg4CausW/PKQ==",
      "license": "MIT"
    },
    "node_modules/loose-envify": {
      "version": "1.4.0",
      "resolved": "https://registry.npmjs.org/loose-envify/-/loose-envify-1.4.0.tgz",
      "integrity": "sha512-lyuxPGr/Wfhrlem2CL/UcnUc1zcqKAImBDzukY7Y5F/yQiNdko6+fRLevlw1HgMySw7f611UIY408EtxRSoK3Q==",
      "license": "MIT",
      "dependencies": {
        "js-tokens": "^3.0.0 || ^4.0.0"
      },
      "bin": {
        "loose-envify": "cli.js"
      }
    },
    "node_modules/min-dash": {
      "version": "4.2.1",
      "resolved": "https://registry.npmjs.org/min-dash/-/min-dash-4.2.1.tgz",
      "integrity": "sha512-to+unsToePnm7cUeR9TrMzFlETHd/UXmU+ELTRfWZj5XGT41KF6X3L233o3E/GdEs3sk2Tbw/lOLD1avmWkg8A==",
      "license": "MIT"
    },
    "node_modules/min-dom": {
      "version": "4.2.1",
      "resolved": "https://registry.npmjs.org/min-dom/-/min-dom-4.2.1.tgz",
      "integrity": "sha512-TMoL8SEEIhUWYgkj7XMSgxmwSyGI+4fP2KFFGnN3FbHfbGHVdsLYSz8LoIsgPhz4dWRmLvxWWSMgzZMJW5sZuA==",
      "license": "MIT",
      "dependencies": {
        "component-event": "^0.2.1",
        "domify": "^1.4.1",
        "min-dash": "^4.2.1"
      }
    },
    "node_modules/moddle": {
      "version": "6.2.3",
      "resolved": "https://registry.npmjs.org/moddle/-/moddle-6.2.3.tgz",
      "integrity": "sha512-bLVN+ZHL3aKnhxc19XtjUfvdJsS3EsiEJC7bT6YPD11qYmTzvsxrGgyYz1Ouof7TZuGw0lDJ1OLmEnxcpQWk3Q==",
      "license": "MIT",
      "dependencies": {
        "min-dash": "^4.0.0"
      }
    },
    "node_modules/moddle-xml": {
      "version": "10.1.0",
      "resolved": "https://registry.npmjs.org/moddle-xml/-/moddle-xml-10.1.0.tgz",
      "integrity": "sha512-erWckwLt+dYskewKXJso9u+aAZ5172lOiYxSOqKCPTy7L/xmqH1PoeoA7eVC7oJTt3PqF5TkZzUmbjGH6soQBg==",
      "license": "MIT",
      "dependencies": {
        "min-dash": "^4.0.0",
        "moddle": "^6.0.0",
        "saxen": "^8.1.2"
      }
    },
    "node_modules/object-assign": {
      "version": "4.1.1",
      "resolved": "https://registry.npmjs.org/object-assign/-/object-assign-4.1.1.tgz",
      "integrity": "sha512-rJgTQnkUnH1sFw8yT6VSU3zD3sWmu6sZhIseY8VX+GRu3P6F7Fu+JNDoXfklElbLJSnc3FUQHVe4cU5hj+BcUg==",
      "license": "MIT",
      "engines": {
        "node": ">=0.10.0"
      }
    },
    "node_modules/object-refs": {
      "version": "0.4.0",
      "resolved": "https://registry.npmjs.org/object-refs/-/object-refs-0.4.0.tgz",
      "integrity": "sha512-6kJqKWryKZmtte6QYvouas0/EIJKPI1/MMIuRsiBlNuhIMfqYTggzX2F1AJ2+cDs288xyi9GL7FyasHINR98BQ==",
      "license": "MIT",
      "engines": {
        "node": "*"
      }
    },
    "node_modules/path-intersection": {
      "version": "3.1.0",
      "resolved": "https://registry.npmjs.org/path-intersection/-/path-intersection-3.1.0.tgz",
      "integrity": "sha512-3xS3lvv/vuwm5aH2BVvNRvnvwR2Drde7jQClKpCXTYXIMMjcw/EnMhzCgeHwqbCpzi760PEfAkU53vSIlrNr9A==",
      "license": "MIT",
      "engines": {
        "node": ">= 14.20"
      }
    },
    "node_modules/preact": {
      "version": "10.23.1",
      "resolved": "https://registry.npmjs.org/preact/-/preact-10.23.1.tgz",
      "integrity": "sha512-O5UdRsNh4vdZaTieWe3XOgSpdMAmkIYBCT3VhQDlKrzyCm8lUYsk0fmVEvoQQifoOjFRTaHZO69ylrzTW2BH+A==",
      "license": "MIT",
      "funding": {
        "type": "opencollective",
        "url": "https://opencollective.com/preact"
      }
    },
    "node_modules/prop-types": {
      "version": "15.8.1",
      "resolved": "https://registry.npmjs.org/prop-types/-/prop-types-15.8.1.tgz",
      "integrity": "sha512-oj87CgZICdulUohogVAR7AjlC0327U4el4L6eAvOqCeudMDVU0NThNaV+b9Df4dXgSP1gXMTnPdhfe/2qDH5cg==",
      "license": "MIT",
      "dependencies": {
        "loose-envify": "^1.4.0",
        "object-assign": "^4.1.1",
        "react-is": "^16.13.1"
      }
    },
    "node_modules/react": {
      "version": "18.3.1",
      "resolved": "https://registry.npmjs.org/react/-/react-18.3.1.tgz",
      "integrity": "sha512-wS+hAgJShR0KhEvPJArfuPVN1+Hz1t0Y6n5jLrGQbkb4urgPE/0Rve+1kMB1v/oWgHgm4WIcV+i7F2pTVj+2iQ==",
      "license": "MIT",
      "peer": true,
      "dependencies": {
        "loose-envify": "^1.1.0"
      },
      "engines": {
        "node": ">=0.10.0"
      }
    },
    "node_modules/react-dom": {
      "version": "18.3.1",
      "resolved": "https://registry.npmjs.org/react-dom/-/react-dom-18.3.1.tgz",
      "integrity": "sha512-5m4nQKp+rZRb09LNH59GM4BxTh9251/ylbKIbpe7TpGxfJ+9kv6BLkLBXIjjspbgbnIBNqlI23tRnTWT0snUIw==",
      "license": "MIT",
      "peer": true,
      "dependencies": {
        "loose-envify": "^1.1.0",
        "scheduler": "^0.23.2"
      },
      "peerDependencies": {
        "react": "^18.3.1"
      }
    },
    "node_modules/react-fast-compare": {
      "version": "3.2.2",
      "resolved": "https://registry.npmjs.org/react-fast-compare/-/react-fast-compare-3.2.2.tgz",
      "integrity": "sha512-nsO+KSNgo1SbJqJEYRE9ERzo7YtYbou/OqjSQKxV7jcKox7+usiUVZOAC+XnDOABXggQTno0Y1CpVnuWEc1boQ==",
      "license": "MIT"
    },
    "node_modules/react-is": {
      "version": "16.13.1",
      "resolved": "https://registry.npmjs.org/react-is/-/react-is-16.13.1.tgz",
      "integrity": "sha512-24e6ynE2H+OKt4kqsOvNd8kBpV65zoxbA4BVsEOB3ARVWQki/DHzaUoC5KuON/BiccDaCCTZBuOcfZs70kR8bQ==",
      "license": "MIT"
    },
    "node_modules/react-popper": {
      "version": "2.3.0",
      "resolved": "https://registry.npmjs.org/react-popper/-/react-popper-2.3.0.tgz",
      "integrity": "sha512-e1hj8lL3uM+sgSR4Lxzn5h1GxBlpa4CQz0XLF8kx4MDrDRWY0Ena4c97PUeSX9i5W3UAfDP0z0FXCTQkoXUl3Q==",
      "license": "MIT",
      "dependencies": {
        "react-fast-compare": "^3.0.1",
        "warning": "^4.0.2"
      },
      "peerDependencies": {
        "@popperjs/core": "^2.0.0",
        "react": "^16.8.0 || ^17 || ^18",
        "react-dom": "^16.8.0 || ^17 || ^18"
      }
    },
    "node_modules/react-transition-group": {
      "version": "4.4.5",
      "resolved": "https://registry.npmjs.org/react-transition-group/-/react-transition-group-4.4.5.tgz",
      "integrity": "sha512-pZcd1MCJoiKiBR2NRxeCRg13uCXbydPnmB4EOeRrY7480qNWO8IIgQG6zlDkm6uRMsURXPuKq0GWtiM59a5Q6g==",
      "license": "BSD-3-Clause",
      "dependencies": {
        "@babel/runtime": "^7.5.5",
        "dom-helpers": "^5.0.1",
        "loose-envify": "^1.4.0",
        "prop-types": "^15.6.2"
      },
      "peerDependencies": {
        "react": ">=16.6.0",
        "react-dom": ">=16.6.0"
      }
    },
    "node_modules/reactstrap": {
      "version": "9.2.2",
      "resolved": "https://registry.npmjs.org/reactstrap/-/reactstrap-9.2.2.tgz",
      "integrity": "sha512-4KroiGOdqZLAnMGzHjpErW3G7bLB+QbKzzMLIDXydPIV0y74lpdL7WtXHkLWAGInd97WCPNx4+R0NQDPyzIfhw==",
      "license": "MIT",
      "dependencies": {
        "@babel/runtime": "^7.12.5",
        "@popperjs/core": "^2.6.0",
        "classnames": "^2.2.3",
        "prop-types": "^15.5.8",
        "react-popper": "^2.2.4",
        "react-transition-group": "^4.4.2"
      },
      "peerDependencies": {
        "react": ">=16.8.0",
        "react-dom": ">=16.8.0"
      }
    },
    "node_modules/regenerator-runtime": {
      "version": "0.14.1",
      "resolved": "https://registry.npmjs.org/regenerator-runtime/-/regenerator-runtime-0.14.1.tgz",
      "integrity": "sha512-dYnhHh0nJoMfnkZs6GmmhFknAGRrLznOu5nc9ML+EJxGvrx6H7teuevqVqCuPcPK//3eDrrjQhehXVx9cnkGdw==",
      "license": "MIT"
    },
    "node_modules/saxen": {
      "version": "8.1.2",
      "resolved": "https://registry.npmjs.org/saxen/-/saxen-8.1.2.tgz",
      "integrity": "sha512-xUOiiFbc3Ow7p8KMxwsGICPx46ZQvy3+qfNVhrkwfz3Vvq45eGt98Ft5IQaA1R/7Tb5B5MKh9fUR9x3c3nDTxw==",
      "license": "MIT"
    },
    "node_modules/scheduler": {
      "version": "0.23.2",
      "resolved": "https://registry.npmjs.org/scheduler/-/scheduler-0.23.2.tgz",
      "integrity": "sha512-UOShsPwz7NrMUqhR6t0hWjFduvOzbtv7toDH1/hIrfRNIDBnnBWd0CwJTGvTpngVlmwGCdP9/Zl/tVrDqcuYzQ==",
      "license": "MIT",
      "peer": true,
      "dependencies": {
        "loose-envify": "^1.1.0"
      }
    },
    "node_modules/tiny-svg": {
      "version": "3.1.2",
      "resolved": "https://registry.npmjs.org/tiny-svg/-/tiny-svg-3.1.2.tgz",
      "integrity": "sha512-qvNlv/4N48HqbNpwAhzQ9HKHlBUKgA4091x+aVfsrRXHIcQ9NA3W6ZYwdmYAIdwT+vfAAksrc9L/3RQBj5KwPw==",
      "license": "MIT"
    },
    "node_modules/warning": {
      "version": "4.0.3",
      "resolved": "https://registry.npmjs.org/warning/-/warning-4.0.3.tgz",
      "integrity": "sha512-rpJyN222KWIvHJ/F53XSZv0Zl/accqHR8et1kpaMTD/fLCRxtV8iX8czMzY7sVZupTI3zcUTg8eycS2kNF9l6w==",
      "license": "MIT",
      "dependencies": {
        "loose-envify": "^1.0.0"
      }
    }
  }
}
