{
  "version": 4,
  "terraform_version": "1.8.5",
  "serial": 248,
  "lineage": "c499e662-66d3-68e5-7acf-6b4158339897",
  "outputs": {},
  "resources": [
    {
      "mode": "managed",
      "type": "docker_container",
      "name": "postgres",
      "provider": "provider[\"registry.terraform.io/kreuzwerker/docker\"]",
      "instances": [
        {
          "status": "tainted",
          "schema_version": 2,
          "attributes": {
            "attach": false,
            "bridge": null,
            "capabilities": [],
            "cgroupns_mode": null,
            "command": null,
            "container_logs": null,
            "container_read_refresh_timeout_milliseconds": 15000,
            "cpu_set": null,
            "cpu_shares": null,
            "destroy_grace_seconds": null,
            "devices": [],
            "dns": null,
            "dns_opts": null,
            "dns_search": null,
            "domainname": null,
            "entrypoint": null,
            "env": [
              "POSTGRES_PASSWORD=postgres",
              "POSTGRES_USER=postgres"
            ],
            "exit_code": null,
            "gpus": null,
            "group_add": null,
            "healthcheck": null,
            "host": [],
            "hostname": null,
            "id": "5db6985f6d9f52c96a1a0a636b96f92977e8c1bea2295aba6e274e0dc9bfafa3",
            "image": "sha256:74cc00b2e28f8b5cad42680cc425b261544eee3dfe70fbdf903015dac9b0fe4a",
            "init": null,
            "ipc_mode": null,
            "labels": [],
            "log_driver": null,
            "log_opts": null,
            "logs": false,
            "max_retry_count": null,
            "memory": null,
            "memory_swap": null,
            "mounts": [],
            "must_run": true,
            "name": "postgres",
            "network_data": null,
            "network_mode": null,
            "networks_advanced": [],
            "pid_mode": null,
            "ports": [
              {
                "external": 15432,
                "internal": 5432,
                "ip": "0.0.0.0",
                "protocol": "tcp"
              }
            ],
            "privileged": null,
            "publish_all_ports": null,
            "read_only": false,
            "remove_volumes": true,
            "restart": "no",
            "rm": false,
            "runtime": null,
            "security_opts": [],
            "shm_size": null,
            "start": true,
            "stdin_open": false,
            "stop_signal": null,
            "stop_timeout": null,
            "storage_opts": null,
            "sysctls": null,
            "tmpfs": null,
            "tty": false,
            "ulimit": [],
            "upload": [],
            "user": null,
            "userns_mode": null,
            "volumes": [],
            "wait": false,
            "wait_timeout": 60,
            "working_dir": null
          },
          "sensitive_attributes": [],
          "private": "eyJzY2hlbWFfdmVyc2lvbiI6IjIifQ==",
          "dependencies": [
            "docker_image.postgres"
          ]
        }
      ]
    },
    {
      "mode": "managed",
      "type": "docker_image",
      "name": "flowable",
      "provider": "provider[\"registry.terraform.io/kreuzwerker/docker\"]",
      "instances": [
        {
          "schema_version": 0,
          "attributes": {
            "build": [],
            "force_remove": null,
            "id": "sha256:c6639207582f1b20ee50a7fface69e67b8e97aa2ef718a6595515329adfb2841flowable/all-in-one:latest",
            "image_id": "sha256:c6639207582f1b20ee50a7fface69e67b8e97aa2ef718a6595515329adfb2841",
            "keep_locally": true,
            "name": "flowable/all-in-one:latest",
            "platform": null,
            "pull_triggers": null,
            "repo_digest": "flowable/all-in-one@sha256:363a8e12804be823bb8e9f4094dd37b37f0b2a8a0b405789676c694ef592610c",
            "triggers": null
          },
          "sensitive_attributes": [],
          "private": "bnVsbA=="
        }
      ]
    },
    {
      "mode": "managed",
      "type": "docker_image",
      "name": "keycloak",
      "provider": "provider[\"registry.terraform.io/kreuzwerker/docker\"]",
      "instances": [
        {
          "schema_version": 0,
          "attributes": {
            "build": [],
            "force_remove": null,
            "id": "sha256:79fc80eb59b467bf1e4b3bd82205b093ca0f5c5830edb450b807619894367071quay.io/keycloak/keycloak:latest",
            "image_id": "sha256:79fc80eb59b467bf1e4b3bd82205b093ca0f5c5830edb450b807619894367071",
            "keep_locally": true,
            "name": "quay.io/keycloak/keycloak:latest",
            "platform": null,
            "pull_triggers": null,
            "repo_digest": "quay.io/keycloak/keycloak@sha256:a3d10e729b140f5a044f6d04f324aa53ae58ed11398e0e6e432cb98042b41b1f",
            "triggers": null
          },
          "sensitive_attributes": [],
          "private": "bnVsbA=="
        }
      ]
    },
    {
      "mode": "managed",
      "type": "docker_image",
      "name": "postgres",
      "provider": "provider[\"registry.terraform.io/kreuzwerker/docker\"]",
      "instances": [
        {
          "schema_version": 0,
          "attributes": {
            "build": [],
            "force_remove": null,
            "id": "sha256:74cc00b2e28f8b5cad42680cc425b261544eee3dfe70fbdf903015dac9b0fe4apostgres:latest",
            "image_id": "sha256:74cc00b2e28f8b5cad42680cc425b261544eee3dfe70fbdf903015dac9b0fe4a",
            "keep_locally": true,
            "name": "postgres:latest",
            "platform": null,
            "pull_triggers": null,
            "repo_digest": "postgres@sha256:46aa2ee5d664b275f05d1a963b30fff60fb422b4b594d509765c42db46d48881",
            "triggers": null
          },
          "sensitive_attributes": [],
          "private": "bnVsbA=="
        }
      ]
    }
  ],
  "check_results": null
}
