{
  "version": 4,
  "terraform_version": "1.9.1",
  "serial": 73,
  "lineage": "c794af14-eb86-b8e4-73f1-2ade7cfd7617",
  "outputs": {},
  "resources": [
    {
      "mode": "managed",
      "type": "docker_container",
      "name": "flipt",
      "provider": "provider[\"registry.terraform.io/kreuzwerker/docker\"]",
      "instances": [
        {
          "schema_version": 2,
          "attributes": {
            "attach": false,
            "bridge": "",
            "capabilities": [],
            "cgroupns_mode": null,
            "command": [
              "./flipt"
            ],
            "container_logs": null,
            "container_read_refresh_timeout_milliseconds": 15000,
            "cpu_set": "",
            "cpu_shares": 0,
            "destroy_grace_seconds": null,
            "devices": [],
            "dns": null,
            "dns_opts": null,
            "dns_search": null,
            "domainname": "",
            "entrypoint": [],
            "env": [],
            "exit_code": null,
            "gpus": null,
            "group_add": null,
            "healthcheck": null,
            "host": [],
            "hostname": "9830bef44374",
            "id": "9830bef44374f98eaab385ec4c65beaa9e4f0da0db6834f16d730718f457aaa3",
            "image": "sha256:451c56d09f4702c10096da93f5edb74a54c7baf71725d66edc37807f9b07de8c",
            "init": false,
            "ipc_mode": "private",
            "labels": [],
            "log_driver": "json-file",
            "log_opts": null,
            "logs": false,
            "max_retry_count": 0,
            "memory": 0,
            "memory_swap": 0,
            "mounts": [],
            "must_run": true,
            "name": "flipt",
            "network_data": [
              {
                "gateway": "172.19.0.1",
                "global_ipv6_address": "",
                "global_ipv6_prefix_length": 0,
                "ip_address": "172.19.0.3",
                "ip_prefix_length": 16,
                "ipv6_gateway": "",
                "mac_address": "02:42:ac:13:00:03",
                "network_name": "skillbase"
              }
            ],
            "network_mode": "skillbase",
            "networks_advanced": [],
            "pid_mode": "",
            "ports": [
              {
                "external": 8087,
                "internal": 8080,
                "ip": "0.0.0.0",
                "protocol": "tcp"
              },
              {
                "external": 9007,
                "internal": 9000,
                "ip": "0.0.0.0",
                "protocol": "tcp"
              }
            ],
            "privileged": false,
            "publish_all_ports": false,
            "read_only": false,
            "remove_volumes": true,
            "restart": "no",
            "rm": false,
            "runtime": "runc",
            "security_opts": [],
            "shm_size": 64,
            "start": true,
            "stdin_open": true,
            "stop_signal": "",
            "stop_timeout": 0,
            "storage_opts": null,
            "sysctls": null,
            "tmpfs": null,
            "tty": false,
            "ulimit": [],
            "upload": [],
            "user": "flipt",
            "userns_mode": "",
            "volumes": [],
            "wait": false,
            "wait_timeout": 60,
            "working_dir": ""
          },
          "sensitive_attributes": [],
          "private": "eyJzY2hlbWFfdmVyc2lvbiI6IjIifQ==",
          "dependencies": [
            "docker_container.registry",
            "docker_image.flipt",
            "docker_image.registry",
            "docker_network.private_network"
          ]
        }
      ]
    },
    {
      "mode": "managed",
      "type": "docker_container",
      "name": "flowable",
      "provider": "provider[\"registry.terraform.io/kreuzwerker/docker\"]",
      "instances": [
        {
          "schema_version": 2,
          "attributes": {
            "attach": false,
            "bridge": "",
            "capabilities": [],
            "cgroupns_mode": null,
            "command": [],
            "container_logs": null,
            "container_read_refresh_timeout_milliseconds": 15000,
            "cpu_set": "",
            "cpu_shares": 0,
            "destroy_grace_seconds": null,
            "devices": [],
            "dns": null,
            "dns_opts": null,
            "dns_search": null,
            "domainname": "",
            "entrypoint": [
              "/flowable-entrypoint.sh"
            ],
            "env": [],
            "exit_code": null,
            "gpus": null,
            "group_add": null,
            "healthcheck": null,
            "host": [],
            "hostname": "65b05079c084",
            "id": "65b05079c0844ebfb5b1c50d5b2709dab1e7e3e94c2489b4760cb72c9c934126",
            "image": "sha256:d7cbe222bda1f47fd257d2d664415f8680b86e2b7d82bfffa212eaf5783be019",
            "init": false,
            "ipc_mode": "private",
            "labels": [],
            "log_driver": "json-file",
            "log_opts": null,
            "logs": false,
            "max_retry_count": 0,
            "memory": 0,
            "memory_swap": 0,
            "mounts": [],
            "must_run": true,
            "name": "flowable",
            "network_data": [
              {
                "gateway": "172.19.0.1",
                "global_ipv6_address": "",
                "global_ipv6_prefix_length": 0,
                "ip_address": "172.19.0.6",
                "ip_prefix_length": 16,
                "ipv6_gateway": "",
                "mac_address": "02:42:ac:13:00:06",
                "network_name": "skillbase"
              }
            ],
            "network_mode": "skillbase",
            "networks_advanced": [],
            "pid_mode": "",
            "ports": [
              {
                "external": 8081,
                "internal": 8080,
                "ip": "0.0.0.0",
                "protocol": "tcp"
              }
            ],
            "privileged": false,
            "publish_all_ports": false,
            "read_only": false,
            "remove_volumes": true,
            "restart": "no",
            "rm": false,
            "runtime": "runc",
            "security_opts": [],
            "shm_size": 64,
            "start": true,
            "stdin_open": false,
            "stop_signal": "",
            "stop_timeout": 0,
            "storage_opts": null,
            "sysctls": null,
            "tmpfs": null,
            "tty": false,
            "ulimit": [],
            "upload": [],
            "user": "flowable:flowable",
            "userns_mode": "",
            "volumes": [],
            "wait": false,
            "wait_timeout": 60,
            "working_dir": ""
          },
          "sensitive_attributes": [],
          "private": "eyJzY2hlbWFfdmVyc2lvbiI6IjIifQ==",
          "dependencies": [
            "docker_container.postgres",
            "docker_container.registry",
            "docker_image.flowable",
            "docker_image.postgres",
            "docker_image.registry",
            "docker_network.private_network"
          ]
        }
      ]
    },
    {
      "mode": "managed",
      "type": "docker_container",
      "name": "kafka",
      "provider": "provider[\"registry.terraform.io/kreuzwerker/docker\"]",
      "instances": [
        {
          "schema_version": 2,
          "attributes": {
            "attach": false,
            "bridge": "",
            "capabilities": [],
            "cgroupns_mode": null,
            "command": [
              "/opt/bitnami/scripts/kafka/run.sh"
            ],
            "container_logs": null,
            "container_read_refresh_timeout_milliseconds": 15000,
            "cpu_set": "",
            "cpu_shares": 0,
            "destroy_grace_seconds": null,
            "devices": [],
            "dns": null,
            "dns_opts": null,
            "dns_search": null,
            "domainname": "",
            "entrypoint": [
              "/opt/bitnami/scripts/kafka/entrypoint.sh"
            ],
            "env": [
              "KAFKA_ADVERTISED_LISTENERS=PLAINTEXT_HOST://kafka:9092,PLAINTEXT://kafka:9094",
              "KAFKA_CFG_AUTO_CREATE_TOPICS_ENABLE=true",
              "KAFKA_CFG_BROKER_ID=1",
              "KAFKA_CFG_CONTROLLER_LISTENER_NAMES=CONTROLLER",
              "KAFKA_CFG_CONTROLLER_QUORUM_VOTERS=1@localhost:29093",
              "KAFKA_CFG_GROUP_INITIAL_REBALANCE_DELAY_MS=0",
              "KAFKA_CFG_INTER_BROKER_LISTENER_NAME=PLAINTEXT",
              "KAFKA_CFG_LISTENERS=CONTROLLER://:29093,PLAINTEXT_HOST://:9092,PLAINTEXT://:9094",
              "KAFKA_CFG_LISTENER_SECURITY_PROTOCOL_MAP=BROKER:PLAINTEXT,PLAINTEXT:PLAINTEXT,CONTROLLER:PLAINTEXT,PLAINTEXT_HOST:PLAINTEXT",
              "KAFKA_CFG_NODE_ID=1",
              "KAFKA_CFG_OFFSETS_TOPIC_NUM_PARTITIONS=1",
              "KAFKA_CFG_OFFSETS_TOPIC_REPLICATION_FACTOR=1",
              "KAFKA_CFG_PROCESS_ROLES=broker,controller",
              "KAFKA_CFG_REST_BOOTSTRAP_SERVERS=PLAINTEXT://0.0.0.0:9093,BROKER://0.0.0.0:9092,CONTROLLER://0.0.0.0:9094",
              "KAFKA_CFG_TRANSACTION_STATE_LOG_MIN_ISR=1",
              "KAFKA_CFG_TRANSACTION_STATE_LOG_REPLICATION_FACTOR=1",
              "KAFKA_KRAFT_CLUSTER_ID=4L6g3nShT-eMCtK--X86sw"
            ],
            "exit_code": null,
            "gpus": null,
            "group_add": null,
            "healthcheck": null,
            "host": [],
            "hostname": "417448edf01b",
            "id": "417448edf01b8eda9f4367ab22c6358c65e6f0dcd850c8f3b15efa74ae71286d",
            "image": "sha256:acab379c9c30ce092730e8b2362d3f7f933dbd2b19c7a1ca9e23d862137bd73c",
            "init": false,
            "ipc_mode": "private",
            "labels": [],
            "log_driver": "json-file",
            "log_opts": null,
            "logs": false,
            "max_retry_count": 0,
            "memory": 0,
            "memory_swap": 0,
            "mounts": [],
            "must_run": true,
            "name": "kafka",
            "network_data": [
              {
                "gateway": "172.19.0.1",
                "global_ipv6_address": "",
                "global_ipv6_prefix_length": 0,
                "ip_address": "172.19.0.2",
                "ip_prefix_length": 16,
                "ipv6_gateway": "",
                "mac_address": "02:42:ac:13:00:02",
                "network_name": "skillbase"
              }
            ],
            "network_mode": "skillbase",
            "networks_advanced": [],
            "pid_mode": "",
            "ports": [
              {
                "external": 9092,
                "internal": 9092,
                "ip": "0.0.0.0",
                "protocol": "tcp"
              }
            ],
            "privileged": false,
            "publish_all_ports": false,
            "read_only": false,
            "remove_volumes": true,
            "restart": "no",
            "rm": false,
            "runtime": "runc",
            "security_opts": [],
            "shm_size": 64,
            "start": true,
            "stdin_open": false,
            "stop_signal": "",
            "stop_timeout": 0,
            "storage_opts": null,
            "sysctls": null,
            "tmpfs": null,
            "tty": false,
            "ulimit": [],
            "upload": [],
            "user": "1001",
            "userns_mode": "",
            "volumes": [],
            "wait": false,
            "wait_timeout": 60,
            "working_dir": ""
          },
          "sensitive_attributes": [],
          "private": "eyJzY2hlbWFfdmVyc2lvbiI6IjIifQ==",
          "dependencies": [
            "docker_container.registry",
            "docker_image.kafka",
            "docker_image.registry",
            "docker_network.private_network"
          ]
        }
      ]
    },
    {
      "mode": "managed",
      "type": "docker_container",
      "name": "keycloak",
      "provider": "provider[\"registry.terraform.io/kreuzwerker/docker\"]",
      "instances": [
        {
          "schema_version": 2,
          "attributes": {
            "attach": false,
            "bridge": "",
            "capabilities": [],
            "cgroupns_mode": null,
            "command": [
              "start-dev"
            ],
            "container_logs": null,
            "container_read_refresh_timeout_milliseconds": 15000,
            "cpu_set": "",
            "cpu_shares": 0,
            "destroy_grace_seconds": null,
            "devices": [],
            "dns": null,
            "dns_opts": null,
            "dns_search": null,
            "domainname": "",
            "entrypoint": [
              "/opt/keycloak/bin/kc.sh"
            ],
            "env": [
              "KEYCLOAK_ADMIN=admin",
              "KEYCLOAK_ADMIN_PASSWORD=admin"
            ],
            "exit_code": null,
            "gpus": null,
            "group_add": null,
            "healthcheck": null,
            "host": [],
            "hostname": "eb3dd5327ed3",
            "id": "eb3dd5327ed344b692250a017ca17de71c56be586219354a725c6c4144888bd2",
            "image": "sha256:79fc80eb59b467bf1e4b3bd82205b093ca0f5c5830edb450b807619894367071",
            "init": false,
            "ipc_mode": "private",
            "labels": [],
            "log_driver": "json-file",
            "log_opts": null,
            "logs": false,
            "max_retry_count": 0,
            "memory": 0,
            "memory_swap": 0,
            "mounts": [],
            "must_run": true,
            "name": "keycloak",
            "network_data": [
              {
                "gateway": "172.19.0.1",
                "global_ipv6_address": "",
                "global_ipv6_prefix_length": 0,
                "ip_address": "172.19.0.5",
                "ip_prefix_length": 16,
                "ipv6_gateway": "",
                "mac_address": "02:42:ac:13:00:05",
                "network_name": "skillbase"
              }
            ],
            "network_mode": "skillbase",
            "networks_advanced": [],
            "pid_mode": "",
            "ports": [
              {
                "external": 18080,
                "internal": 8080,
                "ip": "0.0.0.0",
                "protocol": "tcp"
              }
            ],
            "privileged": false,
            "publish_all_ports": false,
            "read_only": false,
            "remove_volumes": true,
            "restart": "no",
            "rm": false,
            "runtime": "runc",
            "security_opts": [],
            "shm_size": 64,
            "start": true,
            "stdin_open": false,
            "stop_signal": "",
            "stop_timeout": 0,
            "storage_opts": null,
            "sysctls": null,
            "tmpfs": null,
            "tty": false,
            "ulimit": [],
            "upload": [],
            "user": "1000",
            "userns_mode": "",
            "volumes": [],
            "wait": false,
            "wait_timeout": 60,
            "working_dir": ""
          },
          "sensitive_attributes": [],
          "private": "eyJzY2hlbWFfdmVyc2lvbiI6IjIifQ==",
          "dependencies": [
            "docker_container.postgres",
            "docker_container.registry",
            "docker_image.keycloak",
            "docker_image.postgres",
            "docker_image.registry",
            "docker_network.private_network"
          ]
        }
      ]
    },
    {
      "mode": "managed",
      "type": "docker_container",
      "name": "postgres",
      "provider": "provider[\"registry.terraform.io/kreuzwerker/docker\"]",
      "instances": [
        {
          "schema_version": 2,
          "attributes": {
            "attach": false,
            "bridge": "",
            "capabilities": [],
            "cgroupns_mode": null,
            "command": [
              "postgres"
            ],
            "container_logs": null,
            "container_read_refresh_timeout_milliseconds": 15000,
            "cpu_set": "",
            "cpu_shares": 0,
            "destroy_grace_seconds": null,
            "devices": [],
            "dns": null,
            "dns_opts": null,
            "dns_search": null,
            "domainname": "",
            "entrypoint": [
              "docker-entrypoint.sh"
            ],
            "env": [
              "POSTGRES_PASSWORD=postgres",
              "POSTGRES_USER=postgres"
            ],
            "exit_code": null,
            "gpus": null,
            "group_add": null,
            "healthcheck": null,
            "host": [],
            "hostname": "8e22606b4e49",
            "id": "8e22606b4e498cb456c44f8e95269299517d493f0d1f9b1f61017a9f1b6228b1",
            "image": "sha256:81661e9c05cdec3e2438bf4d65ac1a640c8f68bcbc795b0b31a3abebe2593211",
            "init": false,
            "ipc_mode": "private",
            "labels": [],
            "log_driver": "json-file",
            "log_opts": null,
            "logs": false,
            "max_retry_count": 0,
            "memory": 0,
            "memory_swap": 0,
            "mounts": [],
            "must_run": true,
            "name": "postgres",
            "network_data": [
              {
                "gateway": "172.19.0.1",
                "global_ipv6_address": "",
                "global_ipv6_prefix_length": 0,
                "ip_address": "172.19.0.4",
                "ip_prefix_length": 16,
                "ipv6_gateway": "",
                "mac_address": "02:42:ac:13:00:04",
                "network_name": "skillbase"
              }
            ],
            "network_mode": "skillbase",
            "networks_advanced": [],
            "pid_mode": "",
            "ports": [
              {
                "external": 5432,
                "internal": 5432,
                "ip": "0.0.0.0",
                "protocol": "tcp"
              }
            ],
            "privileged": false,
            "publish_all_ports": false,
            "read_only": false,
            "remove_volumes": true,
            "restart": "no",
            "rm": false,
            "runtime": "runc",
            "security_opts": [],
            "shm_size": 64,
            "start": true,
            "stdin_open": false,
            "stop_signal": "SIGINT",
            "stop_timeout": 0,
            "storage_opts": null,
            "sysctls": null,
            "tmpfs": null,
            "tty": false,
            "ulimit": [],
            "upload": [],
            "user": "",
            "userns_mode": "",
            "volumes": [],
            "wait": false,
            "wait_timeout": 60,
            "working_dir": ""
          },
          "sensitive_attributes": [],
          "private": "eyJzY2hlbWFfdmVyc2lvbiI6IjIifQ==",
          "dependencies": [
            "docker_container.registry",
            "docker_image.postgres",
            "docker_image.registry",
            "docker_network.private_network"
          ]
        }
      ]
    },
    {
      "mode": "managed",
      "type": "docker_container",
      "name": "registry",
      "provider": "provider[\"registry.terraform.io/kreuzwerker/docker\"]",
      "instances": [
        {
          "schema_version": 2,
          "attributes": {
            "attach": false,
            "bridge": "",
            "capabilities": [],
            "cgroupns_mode": null,
            "command": [
              "/etc/docker/registry/config.yml"
            ],
            "container_logs": null,
            "container_read_refresh_timeout_milliseconds": 15000,
            "cpu_set": "",
            "cpu_shares": 0,
            "destroy_grace_seconds": null,
            "devices": [],
            "dns": null,
            "dns_opts": null,
            "dns_search": null,
            "domainname": "",
            "entrypoint": [
              "/entrypoint.sh"
            ],
            "env": [],
            "exit_code": null,
            "gpus": null,
            "group_add": null,
            "healthcheck": null,
            "host": [],
            "hostname": "40b037a33e70",
            "id": "40b037a33e70f7ec526407c31ea0d2e320d778e79b08ece03a8b846151b89c90",
            "image": "sha256:6a3edb1d5eb6923955548ab7f391e5cc2f04e929c3d32447a7480d8b7a87a0b2",
            "init": false,
            "ipc_mode": "private",
            "labels": [],
            "log_driver": "json-file",
            "log_opts": null,
            "logs": false,
            "max_retry_count": 0,
            "memory": 0,
            "memory_swap": 0,
            "mounts": [],
            "must_run": true,
            "name": "registry",
            "network_data": [
              {
                "gateway": "172.17.0.1",
                "global_ipv6_address": "",
                "global_ipv6_prefix_length": 0,
                "ip_address": "172.17.0.2",
                "ip_prefix_length": 16,
                "ipv6_gateway": "",
                "mac_address": "02:42:ac:11:00:02",
                "network_name": "bridge"
              }
            ],
            "network_mode": "bridge",
            "networks_advanced": [],
            "pid_mode": "",
            "ports": [
              {
                "external": 5000,
                "internal": 5000,
                "ip": "0.0.0.0",
                "protocol": "tcp"
              }
            ],
            "privileged": false,
            "publish_all_ports": false,
            "read_only": false,
            "remove_volumes": true,
            "restart": "always",
            "rm": false,
            "runtime": "runc",
            "security_opts": [],
            "shm_size": 64,
            "start": true,
            "stdin_open": false,
            "stop_signal": "",
            "stop_timeout": 0,
            "storage_opts": null,
            "sysctls": null,
            "tmpfs": null,
            "tty": false,
            "ulimit": [],
            "upload": [],
            "user": "",
            "userns_mode": "",
            "volumes": [],
            "wait": false,
            "wait_timeout": 60,
            "working_dir": ""
          },
          "sensitive_attributes": [],
          "private": "eyJzY2hlbWFfdmVyc2lvbiI6IjIifQ==",
          "dependencies": [
            "docker_image.registry"
          ]
        }
      ]
    },
    {
      "mode": "managed",
      "type": "docker_container",
      "name": "wildfly",
      "provider": "provider[\"registry.terraform.io/kreuzwerker/docker\"]",
      "instances": [
        {
          "schema_version": 2,
          "attributes": {
            "attach": false,
            "bridge": "",
            "capabilities": [],
            "cgroupns_mode": null,
            "command": [
              "./bin/standalone.sh",
              "-c",
              "standalone-full.xml",
              "-b",
              "0.0.0.0",
              "-bmanagement",
              "0.0.0.0"
            ],
            "container_logs": null,
            "container_read_refresh_timeout_milliseconds": 15000,
            "cpu_set": "",
            "cpu_shares": 0,
            "destroy_grace_seconds": null,
            "devices": [],
            "dns": null,
            "dns_opts": null,
            "dns_search": null,
            "domainname": "",
            "entrypoint": [
              "/__cacert_entrypoint.sh"
            ],
            "env": [
              "WILDFLY_BIND_INTERFACE=0.0.0.0",
              "WILDFLY_MGMT_BIND_INTERFACE=0.0.0.0"
            ],
            "exit_code": null,
            "gpus": null,
            "group_add": null,
            "healthcheck": null,
            "host": [
              {
                "host": "wildfly",
                "ip": "0.0.0.0"
              }
            ],
            "hostname": "728c048a1b0f",
            "id": "728c048a1b0f3ae346b5570dcfa64062374e4dcaf74d76b6b9d9d564fecec52c",
            "image": "sha256:f6b10c876ead9aefe24f1be9e6bfa33996cef1eead8bced00351f2a0078ee65e",
            "init": false,
            "ipc_mode": "private",
            "labels": [],
            "log_driver": "json-file",
            "log_opts": null,
            "logs": false,
            "max_retry_count": 0,
            "memory": 0,
            "memory_swap": 0,
            "mounts": [],
            "must_run": true,
            "name": "wildfly",
            "network_data": [
              {
                "gateway": "172.19.0.1",
                "global_ipv6_address": "",
                "global_ipv6_prefix_length": 0,
                "ip_address": "172.19.0.7",
                "ip_prefix_length": 16,
                "ipv6_gateway": "",
                "mac_address": "02:42:ac:13:00:07",
                "network_name": "skillbase"
              }
            ],
            "network_mode": "skillbase",
            "networks_advanced": [],
            "pid_mode": "",
            "ports": [
              {
                "external": 8080,
                "internal": 8080,
                "ip": "0.0.0.0",
                "protocol": "tcp"
              },
              {
                "external": 9990,
                "internal": 9990,
                "ip": "0.0.0.0",
                "protocol": "tcp"
              }
            ],
            "privileged": false,
            "publish_all_ports": false,
            "read_only": false,
            "remove_volumes": true,
            "restart": "no",
            "rm": false,
            "runtime": "runc",
            "security_opts": [],
            "shm_size": 64,
            "start": true,
            "stdin_open": false,
            "stop_signal": "",
            "stop_timeout": 0,
            "storage_opts": null,
            "sysctls": null,
            "tmpfs": null,
            "tty": false,
            "ulimit": [],
            "upload": [],
            "user": "root",
            "userns_mode": "",
            "volumes": [],
            "wait": false,
            "wait_timeout": 60,
            "working_dir": "/opt/jboss/wildfly"
          },
          "sensitive_attributes": [],
          "private": "eyJzY2hlbWFfdmVyc2lvbiI6IjIifQ==",
          "dependencies": [
            "docker_container.flipt",
            "docker_container.flowable",
            "docker_container.kafka",
            "docker_container.keycloak",
            "docker_container.postgres",
            "docker_container.registry",
            "docker_image.flipt",
            "docker_image.flowable",
            "docker_image.kafka",
            "docker_image.keycloak",
            "docker_image.postgres",
            "docker_image.registry",
            "docker_image.wildfly",
            "docker_network.private_network"
          ]
        }
      ]
    },
    {
      "mode": "managed",
      "type": "docker_image",
      "name": "flipt",
      "provider": "provider[\"registry.terraform.io/kreuzwerker/docker\"]",
      "instances": [
        {
          "schema_version": 0,
          "attributes": {
            "build": [],
            "force_remove": null,
            "id": "sha256:451c56d09f4702c10096da93f5edb74a54c7baf71725d66edc37807f9b07de8cskillbase/flipt:latest",
            "image_id": "sha256:451c56d09f4702c10096da93f5edb74a54c7baf71725d66edc37807f9b07de8c",
            "keep_locally": true,
            "name": "skillbase/flipt:latest",
            "platform": null,
            "pull_triggers": null,
            "repo_digest": "",
            "triggers": null
          },
          "sensitive_attributes": [],
          "private": "bnVsbA=="
        }
      ]
    },
    {
      "mode": "managed",
      "type": "docker_image",
      "name": "flowable",
      "provider": "provider[\"registry.terraform.io/kreuzwerker/docker\"]",
      "instances": [
        {
          "schema_version": 0,
          "attributes": {
            "build": [],
            "force_remove": null,
            "id": "sha256:d7cbe222bda1f47fd257d2d664415f8680b86e2b7d82bfffa212eaf5783be019skillbase/flowable:latest",
            "image_id": "sha256:d7cbe222bda1f47fd257d2d664415f8680b86e2b7d82bfffa212eaf5783be019",
            "keep_locally": true,
            "name": "skillbase/flowable:latest",
            "platform": null,
            "pull_triggers": null,
            "repo_digest": "",
            "triggers": null
          },
          "sensitive_attributes": [],
          "private": "bnVsbA=="
        }
      ]
    },
    {
      "mode": "managed",
      "type": "docker_image",
      "name": "kafka",
      "provider": "provider[\"registry.terraform.io/kreuzwerker/docker\"]",
      "instances": [
        {
          "schema_version": 0,
          "attributes": {
            "build": [],
            "force_remove": null,
            "id": "sha256:acab379c9c30ce092730e8b2362d3f7f933dbd2b19c7a1ca9e23d862137bd73cskillbase/kafka:latest",
            "image_id": "sha256:acab379c9c30ce092730e8b2362d3f7f933dbd2b19c7a1ca9e23d862137bd73c",
            "keep_locally": true,
            "name": "skillbase/kafka:latest",
            "platform": null,
            "pull_triggers": null,
            "repo_digest": "",
            "triggers": null
          },
          "sensitive_attributes": [],
          "private": "bnVsbA=="
        }
      ]
    },
    {
      "mode": "managed",
      "type": "docker_image",
      "name": "keycloak",
      "provider": "provider[\"registry.terraform.io/kreuzwerker/docker\"]",
      "instances": [
        {
          "schema_version": 0,
          "attributes": {
            "build": [],
            "force_remove": null,
            "id": "sha256:79fc80eb59b467bf1e4b3bd82205b093ca0f5c5830edb450b807619894367071quay.io/keycloak/keycloak:latest",
            "image_id": "sha256:79fc80eb59b467bf1e4b3bd82205b093ca0f5c5830edb450b807619894367071",
            "keep_locally": true,
            "name": "quay.io/keycloak/keycloak:latest",
            "platform": null,
            "pull_triggers": null,
            "repo_digest": "quay.io/keycloak/keycloak@sha256:a3d10e729b140f5a044f6d04f324aa53ae58ed11398e0e6e432cb98042b41b1f",
            "triggers": null
          },
          "sensitive_attributes": [],
          "private": "bnVsbA=="
        }
      ]
    },
    {
      "mode": "managed",
      "type": "docker_image",
      "name": "postgres",
      "provider": "provider[\"registry.terraform.io/kreuzwerker/docker\"]",
      "instances": [
        {
          "schema_version": 0,
          "attributes": {
            "build": [],
            "force_remove": null,
            "id": "sha256:81661e9c05cdec3e2438bf4d65ac1a640c8f68bcbc795b0b31a3abebe2593211skillbase/postgres:latest",
            "image_id": "sha256:81661e9c05cdec3e2438bf4d65ac1a640c8f68bcbc795b0b31a3abebe2593211",
            "keep_locally": true,
            "name": "skillbase/postgres:latest",
            "platform": null,
            "pull_triggers": null,
            "repo_digest": "",
            "triggers": null
          },
          "sensitive_attributes": [],
          "private": "bnVsbA=="
        }
      ]
    },
    {
      "mode": "managed",
      "type": "docker_image",
      "name": "registry",
      "provider": "provider[\"registry.terraform.io/kreuzwerker/docker\"]",
      "instances": [
        {
          "schema_version": 0,
          "attributes": {
            "build": [],
            "force_remove": null,
            "id": "sha256:6a3edb1d5eb6923955548ab7f391e5cc2f04e929c3d32447a7480d8b7a87a0b2registry:latest",
            "image_id": "sha256:6a3edb1d5eb6923955548ab7f391e5cc2f04e929c3d32447a7480d8b7a87a0b2",
            "keep_locally": true,
            "name": "registry:latest",
            "platform": null,
            "pull_triggers": null,
            "repo_digest": "registry@sha256:79b29591e1601a73f03fcd413e655b72b9abfae5a23f1ad2e883d4942fbb4351",
            "triggers": null
          },
          "sensitive_attributes": [],
          "private": "bnVsbA=="
        }
      ]
    },
    {
      "mode": "managed",
      "type": "docker_image",
      "name": "wildfly",
      "provider": "provider[\"registry.terraform.io/kreuzwerker/docker\"]",
      "instances": [
        {
          "schema_version": 0,
          "attributes": {
            "build": [],
            "force_remove": null,
            "id": "sha256:f6b10c876ead9aefe24f1be9e6bfa33996cef1eead8bced00351f2a0078ee65eskillbase/wildfly:latest",
            "image_id": "sha256:f6b10c876ead9aefe24f1be9e6bfa33996cef1eead8bced00351f2a0078ee65e",
            "keep_locally": true,
            "name": "skillbase/wildfly:latest",
            "platform": null,
            "pull_triggers": null,
            "repo_digest": "",
            "triggers": null
          },
          "sensitive_attributes": [],
          "private": "bnVsbA=="
        }
      ]
    },
    {
      "mode": "managed",
      "type": "docker_network",
      "name": "private_network",
      "provider": "provider[\"registry.terraform.io/kreuzwerker/docker\"]",
      "instances": [
        {
          "schema_version": 1,
          "attributes": {
            "attachable": false,
            "check_duplicate": null,
            "driver": "bridge",
            "id": "73649acb2729c555c80b79492d8c24b1bb2a9c463046b9354cee84121363a149",
            "ingress": false,
            "internal": false,
            "ipam_config": [
              {
                "aux_address": {},
                "gateway": "172.19.0.1",
                "ip_range": "",
                "subnet": "172.19.0.0/16"
              }
            ],
            "ipam_driver": "default",
            "ipam_options": {},
            "ipv6": false,
            "labels": [],
            "name": "skillbase",
            "options": {},
            "scope": "local"
          },
          "sensitive_attributes": [],
          "private": "eyJzY2hlbWFfdmVyc2lvbiI6IjEifQ=="
        }
      ]
    }
  ],
  "check_results": null
}
